<?xml version="1.0" encoding="utf-8"?>
<Project ToolsVersion="4.0" xmlns="http://schemas.microsoft.com/developer/msbuild/2003">
  <ItemGroup>
    <CudaCompile Include="main.cu" />
    <CudaCompile Include="Precheckers.cu" />
    <CudaCompile Include="misc\utilites.cu">
      <Filter>misc</Filter>
    </CudaCompile>
  </ItemGroup>
  <ItemGroup>
    <ClInclude Include="data\modifiers.h">
      <Filter>data</Filter>
    </ClInclude>
    <ClInclude Include="data\perks.h">
      <Filter>data</Filter>
    </ClInclude>
    <ClInclude Include="data\spells.h">
      <Filter>data</Filter>
    </ClInclude>
    <ClInclude Include="data\wand_levels.h">
      <Filter>data</Filter>
    </ClInclude>
    <ClInclude Include="data\coalhax.h">
      <Filter>data</Filter>
    </ClInclude>
    <ClInclude Include="misc\datatypes.h">
      <Filter>misc</Filter>
    </ClInclude>
    <ClInclude Include="misc\error.h">
      <Filter>misc</Filter>
    </ClInclude>
    <ClInclude Include="misc\stb_hbwang.h">
      <Filter>misc</Filter>
    </ClInclude>
    <ClInclude Include="data\rains.h">
      <Filter>data</Filter>
    </ClInclude>
    <ClInclude Include="misc\noita_random.h">
      <Filter>misc</Filter>
    </ClInclude>
  </ItemGroup>
  <ItemGroup>
    <Filter Include="data">
      <UniqueIdentifier>{50ad8aa3-d24c-4564-8ff7-15899dc7261f}</UniqueIdentifier>
    </Filter>
    <Filter Include="misc">
      <UniqueIdentifier>{0170991e-66c1-4c88-bb90-088ed32c8053}</UniqueIdentifier>
    </Filter>
  </ItemGroup>
</Project>